Microsoft Visual Studio Solution File, Format Version 12.00
# Visual Studio Version 17
VisualStudioVersion = 17.0.31611.283
MinimumVisualStudioVersion = 10.0.40219.1
Project("{2150E333-8FDC-42A3-9474-1A3956D46DE8}") = "src", "src", "{45E85F22-8448-4761-89AE-E99BFC8A4722}"
EndProject
Project("{2150E333-8FDC-42A3-9474-1A3956D46DE8}") = "apps", "apps", "{18E7BBE2-BDEA-4F48-8760-7743EA25C8A9}"
EndProject
Project("{2150E333-8FDC-42A3-9474-1A3956D46DE8}") = "shared", "shared", "{5D378A51-E486-4C00-AE38-FFDBAE918D7A}"
EndProject
Project("{2150E333-8FDC-42A3-9474-1A3956D46DE8}") = "devices", "devices", "{FD3184E9-D3CD-4C36-8BCF-13D8341F487C}"
EndProject
Project("{FAE04EC0-301F-11D3-BF4B-00C04F79EFBC}") = "FairScience.Device.UsbSerial", "src\shared\devices\FairScience.Device.UsbSerial\FairScience.Device.UsbSerial.csproj", "{28A5A0F2-3664-49FB-9984-95B60DC59108}"
EndProject
Project("{2150E333-8FDC-42A3-9474-1A3956D46DE8}") = "SerialTerminal", "SerialTerminal", "{E5858629-B011-4CE9-B100-95A38F912432}"
EndProject
Project("{FAE04EC0-301F-11D3-BF4B-00C04F79EFBC}") = "FairScience.SerialTerminal.App.Mobile", "src\apps\SerialTerminal\FairScience.SerialTerminal.App.Mobile\FairScience.SerialTerminal.App.Mobile.csproj", "{3607918C-493C-4C20-8BD3-4E7A46483500}"
EndProject
Global
	GlobalSection(SolutionConfigurationPlatforms) = preSolution
		Debug|Any CPU = Debug|Any CPU
		Release|Any CPU = Release|Any CPU
	EndGlobalSection
	GlobalSection(ProjectConfigurationPlatforms) = postSolution
		{28A5A0F2-3664-49FB-9984-95B60DC59108}.Debug|Any CPU.ActiveCfg = Debug|Any CPU
		{28A5A0F2-3664-49FB-9984-95B60DC59108}.Debug|Any CPU.Build.0 = Debug|Any CPU
		{28A5A0F2-3664-49FB-9984-95B60DC59108}.Release|Any CPU.ActiveCfg = Release|Any CPU
		{28A5A0F2-3664-49FB-9984-95B60DC59108}.Release|Any CPU.Build.0 = Release|Any CPU
		{3607918C-493C-4C20-8BD3-4E7A46483500}.Debug|Any CPU.ActiveCfg = Debug|Any CPU
		{3607918C-493C-4C20-8BD3-4E7A46483500}.Debug|Any CPU.Build.0 = Debug|Any CPU
		{3607918C-493C-4C20-8BD3-4E7A46483500}.Debug|Any CPU.Deploy.0 = Debug|Any CPU
		{3607918C-493C-4C20-8BD3-4E7A46483500}.Release|Any CPU.ActiveCfg = Release|Any CPU
		{3607918C-493C-4C20-8BD3-4E7A46483500}.Release|Any CPU.Build.0 = Release|Any CPU
		{3607918C-493C-4C20-8BD3-4E7A46483500}.Release|Any CPU.Deploy.0 = Release|Any CPU
	EndGlobalSection
	GlobalSection(SolutionProperties) = preSolution
		HideSolutionNode = FALSE
	EndGlobalSection
	GlobalSection(NestedProjects) = preSolution
		{18E7BBE2-BDEA-4F48-8760-7743EA25C8A9} = {45E85F22-8448-4761-89AE-E99BFC8A4722}
		{5D378A51-E486-4C00-AE38-FFDBAE918D7A} = {45E85F22-8448-4761-89AE-E99BFC8A4722}
		{FD3184E9-D3CD-4C36-8BCF-13D8341F487C} = {5D378A51-E486-4C00-AE38-FFDBAE918D7A}
		{28A5A0F2-3664-49FB-9984-95B60DC59108} = {FD3184E9-D3CD-4C36-8BCF-13D8341F487C}
		{E5858629-B011-4CE9-B100-95A38F912432} = {18E7BBE2-BDEA-4F48-8760-7743EA25C8A9}
		{3607918C-493C-4C20-8BD3-4E7A46483500} = {E5858629-B011-4CE9-B100-95A38F912432}
	EndGlobalSection
	GlobalSection(ExtensibilityGlobals) = postSolution
		SolutionGuid = {C19BFE56-3AE8-4E1A-8E6C-7F57C0D9C910}
		        SolutionGuid = {61F7FB11-1E47-470C-91E2-47F8143E1572}
	EndGlobalSection
EndGlobal
